
Microsoft Visual Studio Solution File, Format Version 12.00
# Visual Studio Version 16
VisualStudioVersion = 16.0.29920.165
MinimumVisualStudioVersion = 10.0.40219.1
Project("{FAE04EC0-301F-11D3-BF4B-00C04F79EFBC}") = "InternshipPlannerClient", "InternshipPlannerClient.csproj", "{BE34C112-1AAE-446A-8941-990369AB4606}"
EndProject
Global
	GlobalSection(SolutionConfigurationPlatforms) = preSolution
		Debug|Any CPU = Debug|Any CPU
		Release|Any CPU = Release|Any CPU
	EndGlobalSection
	GlobalSection(ProjectConfigurationPlatforms) = postSolution
		{BE34C112-1AAE-446A-8941-990369AB4606}.Debug|Any CPU.ActiveCfg = Debug|Any CPU
		{BE34C112-1AAE-446A-8941-990369AB4606}.Debug|Any CPU.Build.0 = Debug|Any CPU
		{BE34C112-1AAE-446A-8941-990369AB4606}.Release|Any CPU.ActiveCfg = Release|Any CPU
		{BE34C112-1AAE-446A-8941-990369AB4606}.Release|Any CPU.Build.0 = Release|Any CPU
	EndGlobalSection
	GlobalSection(SolutionProperties) = preSolution
		HideSolutionNode = FALSE
	EndGlobalSection
	GlobalSection(ExtensibilityGlobals) = postSolution
		SolutionGuid = {DA5E2E61-B572-4A47-AAAD-5D27F7FE7068}
	EndGlobalSection
EndGlobal
